{
    "requires": true,
    "lockfileVersion": 1,
    "dependencies": {
        "dingtalk-jsapi": {
            "version": "2.13.20",
            "resolved": "https://registry.npmjs.org/dingtalk-jsapi/-/dingtalk-jsapi-2.13.20.tgz",
            "integrity": "sha512-X6hU9evwcEziKY+fiIG/aEgFHgRY6nqmMnhhLQBIaB35X9p/9OsBSGDWUUbD2V/4CNDkYgRNDwoOWjO6JEQ3bA==",
            "requires": {
                "promise-polyfill": "^7.1.0"
            }
        },
        "promise-polyfill": {
            "version": "7.1.2",
            "resolved": "https://registry.npmjs.org/promise-polyfill/-/promise-polyfill-7.1.2.tgz",
            "integrity": "sha512-FuEc12/eKqqoRYIGBrUptCBRhobL19PS2U31vMNTfyck1FxPyMfgsXyW4Mav85y/ZN1hop3hOwRlUDok23oYfQ=="
        }
    }
}
